
Microsoft Visual Studio Solution File, Format Version 12.00
# Visual Studio Version 17
VisualStudioVersion = 17.6.33417.168
MinimumVisualStudioVersion = 10.0.40219.1
Project("{D954291E-2A0B-460D-934E-DC6B0785DB48}") = "LoveMatchX", "LoveMatchX\LoveMatchX\LoveMatchX.shproj", "{B00E154D-1F3A-4AC5-B7AE-ADE41F22E063}"
EndProject
Project("{FAE04EC0-301F-11D3-BF4B-00C04F79EFBC}") = "LoveMatchX.Droid", "LoveMatchX\LoveMatchX.Droid\LoveMatchX.Droid.csproj", "{7FB3CB06-6FB8-4F86-B903-646A5DE4BF74}"
EndProject
Project("{FAE04EC0-301F-11D3-BF4B-00C04F79EFBC}") = "LoveMatchX.UWP", "LoveMatchX\LoveMatchX.UWP\LoveMatchX.UWP.csproj", "{CBC6BDDC-B17F-4E66-982F-7D5BBF5B6309}"
EndProject
Project("{FAE04EC0-301F-11D3-BF4B-00C04F79EFBC}") = "LoveMatchX.iOS", "LoveMatchX\LoveMatchX.iOS\LoveMatchX.iOS.csproj", "{202D01B2-83FE-48DE-A9B9-86A7AC0057CD}"
EndProject
Project("{FAE04EC0-301F-11D3-BF4B-00C04F79EFBC}") = "LoveMatchX.Tests", "LoveMatchX\LoveMatchX.Tests\LoveMatchX.Tests.csproj", "{9D477F4E-0E90-4005-B721-B5DFEB3862C8}"
EndProject
Global
	GlobalSection(SolutionConfigurationPlatforms) = preSolution
		Debug|Any CPU = Debug|Any CPU
		Debug|ARM = Debug|ARM
		Debug|iPhone = Debug|iPhone
		Debug|iPhoneSimulator = Debug|iPhoneSimulator
		Debug|x64 = Debug|x64
		Debug|x86 = Debug|x86
		Release|Any CPU = Release|Any CPU
		Release|ARM = Release|ARM
		Release|iPhone = Release|iPhone
		Release|iPhoneSimulator = Release|iPhoneSimulator
		Release|x64 = Release|x64
		Release|x86 = Release|x86
	EndGlobalSection
	GlobalSection(ProjectConfigurationPlatforms) = postSolution
		{7FB3CB06-6FB8-4F86-B903-646A5DE4BF74}.Debug|Any CPU.ActiveCfg = Debug|Any CPU
		{7FB3CB06-6FB8-4F86-B903-646A5DE4BF74}.Debug|Any CPU.Build.0 = Debug|Any CPU
		{7FB3CB06-6FB8-4F86-B903-646A5DE4BF74}.Debug|Any CPU.Deploy.0 = Debug|Any CPU
		{7FB3CB06-6FB8-4F86-B903-646A5DE4BF74}.Debug|ARM.ActiveCfg = Debug|Any CPU
		{7FB3CB06-6FB8-4F86-B903-646A5DE4BF74}.Debug|ARM.Build.0 = Debug|Any CPU
		{7FB3CB06-6FB8-4F86-B903-646A5DE4BF74}.Debug|ARM.Deploy.0 = Debug|Any CPU
		{7FB3CB06-6FB8-4F86-B903-646A5DE4BF74}.Debug|iPhone.ActiveCfg = Debug|Any CPU
		{7FB3CB06-6FB8-4F86-B903-646A5DE4BF74}.Debug|iPhone.Build.0 = Debug|Any CPU
		{7FB3CB06-6FB8-4F86-B903-646A5DE4BF74}.Debug|iPhone.Deploy.0 = Debug|Any CPU
		{7FB3CB06-6FB8-4F86-B903-646A5DE4BF74}.Debug|iPhoneSimulator.ActiveCfg = Debug|Any CPU
		{7FB3CB06-6FB8-4F86-B903-646A5DE4BF74}.Debug|iPhoneSimulator.Build.0 = Debug|Any CPU
		{7FB3CB06-6FB8-4F86-B903-646A5DE4BF74}.Debug|iPhoneSimulator.Deploy.0 = Debug|Any CPU
		{7FB3CB06-6FB8-4F86-B903-646A5DE4BF74}.Debug|x64.ActiveCfg = Debug|Any CPU
		{7FB3CB06-6FB8-4F86-B903-646A5DE4BF74}.Debug|x64.Build.0 = Debug|Any CPU
		{7FB3CB06-6FB8-4F86-B903-646A5DE4BF74}.Debug|x64.Deploy.0 = Debug|Any CPU
		{7FB3CB06-6FB8-4F86-B903-646A5DE4BF74}.Debug|x86.ActiveCfg = Debug|Any CPU
		{7FB3CB06-6FB8-4F86-B903-646A5DE4BF74}.Debug|x86.Build.0 = Debug|Any CPU
		{7FB3CB06-6FB8-4F86-B903-646A5DE4BF74}.Debug|x86.Deploy.0 = Debug|Any CPU
		{7FB3CB06-6FB8-4F86-B903-646A5DE4BF74}.Release|Any CPU.ActiveCfg = Release|Any CPU
		{7FB3CB06-6FB8-4F86-B903-646A5DE4BF74}.Release|Any CPU.Build.0 = Release|Any CPU
		{7FB3CB06-6FB8-4F86-B903-646A5DE4BF74}.Release|ARM.ActiveCfg = Release|Any CPU
		{7FB3CB06-6FB8-4F86-B903-646A5DE4BF74}.Release|ARM.Build.0 = Release|Any CPU
		{7FB3CB06-6FB8-4F86-B903-646A5DE4BF74}.Release|ARM.Deploy.0 = Release|Any CPU
		{7FB3CB06-6FB8-4F86-B903-646A5DE4BF74}.Release|iPhone.ActiveCfg = Release|Any CPU
		{7FB3CB06-6FB8-4F86-B903-646A5DE4BF74}.Release|iPhone.Build.0 = Release|Any CPU
		{7FB3CB06-6FB8-4F86-B903-646A5DE4BF74}.Release|iPhone.Deploy.0 = Release|Any CPU
		{7FB3CB06-6FB8-4F86-B903-646A5DE4BF74}.Release|iPhoneSimulator.ActiveCfg = Release|Any CPU
		{7FB3CB06-6FB8-4F86-B903-646A5DE4BF74}.Release|iPhoneSimulator.Build.0 = Release|Any CPU
		{7FB3CB06-6FB8-4F86-B903-646A5DE4BF74}.Release|iPhoneSimulator.Deploy.0 = Release|Any CPU
		{7FB3CB06-6FB8-4F86-B903-646A5DE4BF74}.Release|x64.ActiveCfg = Release|Any CPU
		{7FB3CB06-6FB8-4F86-B903-646A5DE4BF74}.Release|x64.Build.0 = Release|Any CPU
		{7FB3CB06-6FB8-4F86-B903-646A5DE4BF74}.Release|x64.Deploy.0 = Release|Any CPU
		{7FB3CB06-6FB8-4F86-B903-646A5DE4BF74}.Release|x86.ActiveCfg = Release|Any CPU
		{7FB3CB06-6FB8-4F86-B903-646A5DE4BF74}.Release|x86.Build.0 = Release|Any CPU
		{7FB3CB06-6FB8-4F86-B903-646A5DE4BF74}.Release|x86.Deploy.0 = Release|Any CPU
		{CBC6BDDC-B17F-4E66-982F-7D5BBF5B6309}.Debug|Any CPU.ActiveCfg = Debug|x64
		{CBC6BDDC-B17F-4E66-982F-7D5BBF5B6309}.Debug|Any CPU.Build.0 = Debug|x64
		{CBC6BDDC-B17F-4E66-982F-7D5BBF5B6309}.Debug|Any CPU.Deploy.0 = Debug|x64
		{CBC6BDDC-B17F-4E66-982F-7D5BBF5B6309}.Debug|ARM.ActiveCfg = Debug|ARM
		{CBC6BDDC-B17F-4E66-982F-7D5BBF5B6309}.Debug|ARM.Build.0 = Debug|ARM
		{CBC6BDDC-B17F-4E66-982F-7D5BBF5B6309}.Debug|ARM.Deploy.0 = Debug|ARM
		{CBC6BDDC-B17F-4E66-982F-7D5BBF5B6309}.Debug|iPhone.ActiveCfg = Debug|x64
		{CBC6BDDC-B17F-4E66-982F-7D5BBF5B6309}.Debug|iPhone.Build.0 = Debug|x64
		{CBC6BDDC-B17F-4E66-982F-7D5BBF5B6309}.Debug|iPhone.Deploy.0 = Debug|x64
		{CBC6BDDC-B17F-4E66-982F-7D5BBF5B6309}.Debug|iPhoneSimulator.ActiveCfg = Debug|x64
		{CBC6BDDC-B17F-4E66-982F-7D5BBF5B6309}.Debug|iPhoneSimulator.Build.0 = Debug|x64
		{CBC6BDDC-B17F-4E66-982F-7D5BBF5B6309}.Debug|iPhoneSimulator.Deploy.0 = Debug|x64
		{CBC6BDDC-B17F-4E66-982F-7D5BBF5B6309}.Debug|x64.ActiveCfg = Debug|x64
		{CBC6BDDC-B17F-4E66-982F-7D5BBF5B6309}.Debug|x64.Build.0 = Debug|x64
		{CBC6BDDC-B17F-4E66-982F-7D5BBF5B6309}.Debug|x64.Deploy.0 = Debug|x64
		{CBC6BDDC-B17F-4E66-982F-7D5BBF5B6309}.Debug|x86.ActiveCfg = Debug|x86
		{CBC6BDDC-B17F-4E66-982F-7D5BBF5B6309}.Debug|x86.Build.0 = Debug|x86
		{CBC6BDDC-B17F-4E66-982F-7D5BBF5B6309}.Debug|x86.Deploy.0 = Debug|x86
		{CBC6BDDC-B17F-4E66-982F-7D5BBF5B6309}.Release|Any CPU.ActiveCfg = Release|x64
		{CBC6BDDC-B17F-4E66-982F-7D5BBF5B6309}.Release|Any CPU.Build.0 = Release|x64
		{CBC6BDDC-B17F-4E66-982F-7D5BBF5B6309}.Release|Any CPU.Deploy.0 = Release|x64
		{CBC6BDDC-B17F-4E66-982F-7D5BBF5B6309}.Release|ARM.ActiveCfg = Release|ARM
		{CBC6BDDC-B17F-4E66-982F-7D5BBF5B6309}.Release|ARM.Build.0 = Release|ARM
		{CBC6BDDC-B17F-4E66-982F-7D5BBF5B6309}.Release|ARM.Deploy.0 = Release|ARM
		{CBC6BDDC-B17F-4E66-982F-7D5BBF5B6309}.Release|iPhone.ActiveCfg = Release|x64
		{CBC6BDDC-B17F-4E66-982F-7D5BBF5B6309}.Release|iPhone.Build.0 = Release|x64
		{CBC6BDDC-B17F-4E66-982F-7D5BBF5B6309}.Release|iPhone.Deploy.0 = Release|x64
		{CBC6BDDC-B17F-4E66-982F-7D5BBF5B6309}.Release|iPhoneSimulator.ActiveCfg = Release|x64
		{CBC6BDDC-B17F-4E66-982F-7D5BBF5B6309}.Release|iPhoneSimulator.Build.0 = Release|x64
		{CBC6BDDC-B17F-4E66-982F-7D5BBF5B6309}.Release|iPhoneSimulator.Deploy.0 = Release|x64
		{CBC6BDDC-B17F-4E66-982F-7D5BBF5B6309}.Release|x64.ActiveCfg = Release|x64
		{CBC6BDDC-B17F-4E66-982F-7D5BBF5B6309}.Release|x64.Build.0 = Release|x64
		{CBC6BDDC-B17F-4E66-982F-7D5BBF5B6309}.Release|x64.Deploy.0 = Release|x64
		{CBC6BDDC-B17F-4E66-982F-7D5BBF5B6309}.Release|x86.ActiveCfg = Release|x86
		{CBC6BDDC-B17F-4E66-982F-7D5BBF5B6309}.Release|x86.Build.0 = Release|x86
		{CBC6BDDC-B17F-4E66-982F-7D5BBF5B6309}.Release|x86.Deploy.0 = Release|x86
		{202D01B2-83FE-48DE-A9B9-86A7AC0057CD}.Debug|Any CPU.ActiveCfg = Debug|iPhoneSimulator
		{202D01B2-83FE-48DE-A9B9-86A7AC0057CD}.Debug|Any CPU.Build.0 = Debug|iPhoneSimulator
		{202D01B2-83FE-48DE-A9B9-86A7AC0057CD}.Debug|ARM.ActiveCfg = Debug|iPhoneSimulator
		{202D01B2-83FE-48DE-A9B9-86A7AC0057CD}.Debug|ARM.Build.0 = Debug|iPhoneSimulator
		{202D01B2-83FE-48DE-A9B9-86A7AC0057CD}.Debug|iPhone.ActiveCfg = Debug|iPhone
		{202D01B2-83FE-48DE-A9B9-86A7AC0057CD}.Debug|iPhone.Build.0 = Debug|iPhone
		{202D01B2-83FE-48DE-A9B9-86A7AC0057CD}.Debug|iPhoneSimulator.ActiveCfg = Debug|iPhoneSimulator
		{202D01B2-83FE-48DE-A9B9-86A7AC0057CD}.Debug|iPhoneSimulator.Build.0 = Debug|iPhoneSimulator
		{202D01B2-83FE-48DE-A9B9-86A7AC0057CD}.Debug|x64.ActiveCfg = Debug|iPhoneSimulator
		{202D01B2-83FE-48DE-A9B9-86A7AC0057CD}.Debug|x64.Build.0 = Debug|iPhoneSimulator
		{202D01B2-83FE-48DE-A9B9-86A7AC0057CD}.Debug|x86.ActiveCfg = Debug|iPhoneSimulator
		{202D01B2-83FE-48DE-A9B9-86A7AC0057CD}.Debug|x86.Build.0 = Debug|iPhoneSimulator
		{202D01B2-83FE-48DE-A9B9-86A7AC0057CD}.Release|Any CPU.ActiveCfg = Release|iPhoneSimulator
		{202D01B2-83FE-48DE-A9B9-86A7AC0057CD}.Release|Any CPU.Build.0 = Release|iPhoneSimulator
		{202D01B2-83FE-48DE-A9B9-86A7AC0057CD}.Release|ARM.ActiveCfg = Release|iPhoneSimulator
		{202D01B2-83FE-48DE-A9B9-86A7AC0057CD}.Release|ARM.Build.0 = Release|iPhoneSimulator
		{202D01B2-83FE-48DE-A9B9-86A7AC0057CD}.Release|iPhone.ActiveCfg = Release|iPhone
		{202D01B2-83FE-48DE-A9B9-86A7AC0057CD}.Release|iPhone.Build.0 = Release|iPhone
		{202D01B2-83FE-48DE-A9B9-86A7AC0057CD}.Release|iPhoneSimulator.ActiveCfg = Release|iPhoneSimulator
		{202D01B2-83FE-48DE-A9B9-86A7AC0057CD}.Release|iPhoneSimulator.Build.0 = Release|iPhoneSimulator
		{202D01B2-83FE-48DE-A9B9-86A7AC0057CD}.Release|x64.ActiveCfg = Release|iPhoneSimulator
		{202D01B2-83FE-48DE-A9B9-86A7AC0057CD}.Release|x64.Build.0 = Release|iPhoneSimulator
		{202D01B2-83FE-48DE-A9B9-86A7AC0057CD}.Release|x86.ActiveCfg = Release|iPhoneSimulator
		{202D01B2-83FE-48DE-A9B9-86A7AC0057CD}.Release|x86.Build.0 = Release|iPhoneSimulator
		{9D477F4E-0E90-4005-B721-B5DFEB3862C8}.Debug|Any CPU.ActiveCfg = Debug|Any CPU
		{9D477F4E-0E90-4005-B721-B5DFEB3862C8}.Debug|Any CPU.Build.0 = Debug|Any CPU
		{9D477F4E-0E90-4005-B721-B5DFEB3862C8}.Debug|ARM.ActiveCfg = Debug|Any CPU
		{9D477F4E-0E90-4005-B721-B5DFEB3862C8}.Debug|ARM.Build.0 = Debug|Any CPU
		{9D477F4E-0E90-4005-B721-B5DFEB3862C8}.Debug|iPhone.ActiveCfg = Debug|Any CPU
		{9D477F4E-0E90-4005-B721-B5DFEB3862C8}.Debug|iPhone.Build.0 = Debug|Any CPU
		{9D477F4E-0E90-4005-B721-B5DFEB3862C8}.Debug|iPhoneSimulator.ActiveCfg = Debug|Any CPU
		{9D477F4E-0E90-4005-B721-B5DFEB3862C8}.Debug|iPhoneSimulator.Build.0 = Debug|Any CPU
		{9D477F4E-0E90-4005-B721-B5DFEB3862C8}.Debug|x64.ActiveCfg = Debug|Any CPU
		{9D477F4E-0E90-4005-B721-B5DFEB3862C8}.Debug|x64.Build.0 = Debug|Any CPU
		{9D477F4E-0E90-4005-B721-B5DFEB3862C8}.Debug|x86.ActiveCfg = Debug|Any CPU
		{9D477F4E-0E90-4005-B721-B5DFEB3862C8}.Debug|x86.Build.0 = Debug|Any CPU
		{9D477F4E-0E90-4005-B721-B5DFEB3862C8}.Release|Any CPU.ActiveCfg = Release|Any CPU
		{9D477F4E-0E90-4005-B721-B5DFEB3862C8}.Release|Any CPU.Build.0 = Release|Any CPU
		{9D477F4E-0E90-4005-B721-B5DFEB3862C8}.Release|ARM.ActiveCfg = Release|Any CPU
		{9D477F4E-0E90-4005-B721-B5DFEB3862C8}.Release|ARM.Build.0 = Release|Any CPU
		{9D477F4E-0E90-4005-B721-B5DFEB3862C8}.Release|iPhone.ActiveCfg = Release|Any CPU
		{9D477F4E-0E90-4005-B721-B5DFEB3862C8}.Release|iPhone.Build.0 = Release|Any CPU
		{9D477F4E-0E90-4005-B721-B5DFEB3862C8}.Release|iPhoneSimulator.ActiveCfg = Release|Any CPU
		{9D477F4E-0E90-4005-B721-B5DFEB3862C8}.Release|iPhoneSimulator.Build.0 = Release|Any CPU
		{9D477F4E-0E90-4005-B721-B5DFEB3862C8}.Release|x64.ActiveCfg = Release|Any CPU
		{9D477F4E-0E90-4005-B721-B5DFEB3862C8}.Release|x64.Build.0 = Release|Any CPU
		{9D477F4E-0E90-4005-B721-B5DFEB3862C8}.Release|x86.ActiveCfg = Release|Any CPU
		{9D477F4E-0E90-4005-B721-B5DFEB3862C8}.Release|x86.Build.0 = Release|Any CPU
	EndGlobalSection
	GlobalSection(SolutionProperties) = preSolution
		HideSolutionNode = FALSE
	EndGlobalSection
	GlobalSection(ExtensibilityGlobals) = postSolution
		SolutionGuid = {7015F944-347B-4818-BAEB-C4F5113FA0A6}
	EndGlobalSection
	GlobalSection(SharedMSBuildProjectFiles) = preSolution
		LoveMatchX\LoveMatchX\HelloForms.projitems*{202d01b2-83fe-48de-a9b9-86a7ac0057cd}*SharedItemsImports = 4
		LoveMatchX\LoveMatchX\HelloForms.projitems*{7fb3cb06-6fb8-4f86-b903-646a5de4bf74}*SharedItemsImports = 4
		LoveMatchX\LoveMatchX\HelloForms.projitems*{b00e154d-1f3a-4ac5-b7ae-ade41f22e063}*SharedItemsImports = 13
		LoveMatchX\LoveMatchX\HelloForms.projitems*{cbc6bddc-b17f-4e66-982f-7d5bbf5b6309}*SharedItemsImports = 4
	EndGlobalSection
EndGlobal
